// !$*UTF8*$!
{
	archiveVersion = 1;
	classes = {
	};
	objectVersion = 56;
	objects = {

/* Begin PBXBuildFile section */
		43115D652B6C23A1005B2BE5 /* InterventionDetailView.swift in Sources */ = {isa = PBXBuildFile; fileRef = 43115D642B6C23A1005B2BE5 /* InterventionDetailView.swift */; };
		432B6FA92B3DD85D00185225 /* PonctuelDetail.swift in Sources */ = {isa = PBXBuildFile; fileRef = 432B6FA82B3DD85D00185225 /* PonctuelDetail.swift */; };
		432B6FAB2B3DDA9800185225 /* CercleInitial.swift in Sources */ = {isa = PBXBuildFile; fileRef = 432B6FAA2B3DDA9800185225 /* CercleInitial.swift */; };
		432B6FAD2B3DE97E00185225 /* DashboardItemPonctuels.swift in Sources */ = {isa = PBXBuildFile; fileRef = 432B6FAC2B3DE97E00185225 /* DashboardItemPonctuels.swift */; };
		4376F5082B748D130057577E /* NavButton.swift in Sources */ = {isa = PBXBuildFile; fileRef = 4376F5072B748D130057577E /* NavButton.swift */; };
		43B09F272B6C24E60074AED9 /* Convert.swift in Sources */ = {isa = PBXBuildFile; fileRef = 43B09F262B6C24E60074AED9 /* Convert.swift */; };
		43BC310C2B3B42E300A14E6F /* fanv3App.swift in Sources */ = {isa = PBXBuildFile; fileRef = 43BC310B2B3B42E300A14E6F /* fanv3App.swift */; };
		43BC31102B3B42E400A14E6F /* Assets.xcassets in Resources */ = {isa = PBXBuildFile; fileRef = 43BC310F2B3B42E400A14E6F /* Assets.xcassets */; };
		43BC31132B3B42E400A14E6F /* Preview Assets.xcassets in Resources */ = {isa = PBXBuildFile; fileRef = 43BC31122B3B42E400A14E6F /* Preview Assets.xcassets */; };
		43BC311D2B3B49C700A14E6F /* KeychainSwift in Frameworks */ = {isa = PBXBuildFile; productRef = 43BC311C2B3B49C700A14E6F /* KeychainSwift */; };
		43BC31202B3B4A2200A14E6F /* RootView.swift in Sources */ = {isa = PBXBuildFile; fileRef = 43BC311E2B3B4A2200A14E6F /* RootView.swift */; };
		43BC31212B3B4A2200A14E6F /* ContentView.swift in Sources */ = {isa = PBXBuildFile; fileRef = 43BC311F2B3B4A2200A14E6F /* ContentView.swift */; };
		43BC312F2B3B4A6D00A14E6F /* LoginViewModel.swift in Sources */ = {isa = PBXBuildFile; fileRef = 43BC31242B3B4A6D00A14E6F /* LoginViewModel.swift */; };
		43BC31302B3B4A6D00A14E6F /* JWT.swift in Sources */ = {isa = PBXBuildFile; fileRef = 43BC31262B3B4A6D00A14E6F /* JWT.swift */; };
		43BC31312B3B4A6D00A14E6F /* LoginRequest.swift in Sources */ = {isa = PBXBuildFile; fileRef = 43BC31282B3B4A6D00A14E6F /* LoginRequest.swift */; };
		43BC31322B3B4A6D00A14E6F /* TokenRequest.swift in Sources */ = {isa = PBXBuildFile; fileRef = 43BC31292B3B4A6D00A14E6F /* TokenRequest.swift */; };
		43BC31332B3B4A6D00A14E6F /* JwtTokenModel.swift in Sources */ = {isa = PBXBuildFile; fileRef = 43BC312A2B3B4A6D00A14E6F /* JwtTokenModel.swift */; };
		43BC31342B3B4A6D00A14E6F /* LoginResponse.swift in Sources */ = {isa = PBXBuildFile; fileRef = 43BC312B2B3B4A6D00A14E6F /* LoginResponse.swift */; };
		43BC31352B3B4A6D00A14E6F /* UtilisateurView.swift in Sources */ = {isa = PBXBuildFile; fileRef = 43BC312D2B3B4A6D00A14E6F /* UtilisateurView.swift */; };
		43BC31362B3B4A6D00A14E6F /* LoginView.swift in Sources */ = {isa = PBXBuildFile; fileRef = 43BC312E2B3B4A6D00A14E6F /* LoginView.swift */; };
		43BC31392B3B4C3D00A14E6F /* JWTDecode in Frameworks */ = {isa = PBXBuildFile; productRef = 43BC31382B3B4C3D00A14E6F /* JWTDecode */; };
		43BC313B2B3B4C9D00A14E6F /* Logged.swift in Sources */ = {isa = PBXBuildFile; fileRef = 43BC313A2B3B4C9D00A14E6F /* Logged.swift */; };
		43BC313D2B3B4CDB00A14E6F /* AppConfig.swift in Sources */ = {isa = PBXBuildFile; fileRef = 43BC313C2B3B4CDB00A14E6F /* AppConfig.swift */; };
		43BC31772B3B4D2600A14E6F /* ClientViewModel.swift in Sources */ = {isa = PBXBuildFile; fileRef = 43BC31402B3B4D2600A14E6F /* ClientViewModel.swift */; };
		43BC31782B3B4D2600A14E6F /* ApiError.swift in Sources */ = {isa = PBXBuildFile; fileRef = 43BC31422B3B4D2600A14E6F /* ApiError.swift */; };
		43BC31792B3B4D2600A14E6F /* ClientManager.swift in Sources */ = {isa = PBXBuildFile; fileRef = 43BC31432B3B4D2600A14E6F /* ClientManager.swift */; };
		43BC317A2B3B4D2600A14E6F /* AlertItem.swift in Sources */ = {isa = PBXBuildFile; fileRef = 43BC31442B3B4D2600A14E6F /* AlertItem.swift */; };
		43BC317B2B3B4D2600A14E6F /* ClientModel.swift in Sources */ = {isa = PBXBuildFile; fileRef = 43BC31472B3B4D2600A14E6F /* ClientModel.swift */; };
		43BC317C2B3B4D2600A14E6F /* ClientListView.swift in Sources */ = {isa = PBXBuildFile; fileRef = 43BC31492B3B4D2600A14E6F /* ClientListView.swift */; };
		43BC317D2B3B4D2600A14E6F /* ClientDetail.swift in Sources */ = {isa = PBXBuildFile; fileRef = 43BC314A2B3B4D2600A14E6F /* ClientDetail.swift */; };
		43BC317E2B3B4D2600A14E6F /* ClientListAFaire.swift in Sources */ = {isa = PBXBuildFile; fileRef = 43BC314B2B3B4D2600A14E6F /* ClientListAFaire.swift */; };
		43BC317F2B3B4D2600A14E6F /* ClientListRetard.swift in Sources */ = {isa = PBXBuildFile; fileRef = 43BC314C2B3B4D2600A14E6F /* ClientListRetard.swift */; };
		43BC31802B3B4D2600A14E6F /* DashBoardView.swift in Sources */ = {isa = PBXBuildFile; fileRef = 43BC314D2B3B4D2600A14E6F /* DashBoardView.swift */; };
		43BC31812B3B4D2600A14E6F /* CarteViewModel.swift in Sources */ = {isa = PBXBuildFile; fileRef = 43BC31502B3B4D2600A14E6F /* CarteViewModel.swift */; };
		43BC31822B3B4D2600A14E6F /* CarteClientModel.swift in Sources */ = {isa = PBXBuildFile; fileRef = 43BC31522B3B4D2600A14E6F /* CarteClientModel.swift */; };
		43BC31872B3B4D2600A14E6F /* Client.json in Resources */ = {isa = PBXBuildFile; fileRef = 43BC31592B3B4D2600A14E6F /* Client.json */; };
		43BC31882B3B4D2600A14E6F /* Date.swift in Sources */ = {isa = PBXBuildFile; fileRef = 43BC315B2B3B4D2600A14E6F /* Date.swift */; };
		43BC31892B3B4D2600A14E6F /* DashboardItemAFaire.swift in Sources */ = {isa = PBXBuildFile; fileRef = 43BC315D2B3B4D2600A14E6F /* DashboardItemAFaire.swift */; };
		43BC318A2B3B4D2600A14E6F /* DashboardItemTaches.swift in Sources */ = {isa = PBXBuildFile; fileRef = 43BC315E2B3B4D2600A14E6F /* DashboardItemTaches.swift */; };
		43BC318B2B3B4D2600A14E6F /* DashboardItemClients.swift in Sources */ = {isa = PBXBuildFile; fileRef = 43BC315F2B3B4D2600A14E6F /* DashboardItemClients.swift */; };
		43BC318C2B3B4D2600A14E6F /* DashboardItemCarte.swift in Sources */ = {isa = PBXBuildFile; fileRef = 43BC31602B3B4D2600A14E6F /* DashboardItemCarte.swift */; };
		43BC318D2B3B4D2600A14E6F /* DashboardInterventionsMois.swift in Sources */ = {isa = PBXBuildFile; fileRef = 43BC31612B3B4D2600A14E6F /* DashboardInterventionsMois.swift */; };
		43BC318E2B3B4D2600A14E6F /* DashboardItemRetard.swift in Sources */ = {isa = PBXBuildFile; fileRef = 43BC31622B3B4D2600A14E6F /* DashboardItemRetard.swift */; };
		43BC318F2B3B4D2600A14E6F /* TacheViewModel.swift in Sources */ = {isa = PBXBuildFile; fileRef = 43BC31652B3B4D2600A14E6F /* TacheViewModel.swift */; };
		43BC31902B3B4D2600A14E6F /* TacheManager.swift in Sources */ = {isa = PBXBuildFile; fileRef = 43BC31672B3B4D2600A14E6F /* TacheManager.swift */; };
		43BC31912B3B4D2600A14E6F /* TacheModel.swift in Sources */ = {isa = PBXBuildFile; fileRef = 43BC31692B3B4D2600A14E6F /* TacheModel.swift */; };
		43BC31922B3B4D2600A14E6F /* TacheListView.swift in Sources */ = {isa = PBXBuildFile; fileRef = 43BC316B2B3B4D2600A14E6F /* TacheListView.swift */; };
		43BC31932B3B4D2600A14E6F /* TacheTabView.swift in Sources */ = {isa = PBXBuildFile; fileRef = 43BC316C2B3B4D2600A14E6F /* TacheTabView.swift */; };
		43BC31942B3B4D2600A14E6F /* InterventionViewModel.swift in Sources */ = {isa = PBXBuildFile; fileRef = 43BC316F2B3B4D2600A14E6F /* InterventionViewModel.swift */; };
		43BC31952B3B4D2600A14E6F /* InterventionManager.swift in Sources */ = {isa = PBXBuildFile; fileRef = 43BC31712B3B4D2600A14E6F /* InterventionManager.swift */; };
		43BC31962B3B4D2600A14E6F /* InterventionModel.swift in Sources */ = {isa = PBXBuildFile; fileRef = 43BC31732B3B4D2600A14E6F /* InterventionModel.swift */; };
		43BC31972B3B4D2600A14E6F /* InterventionAjoutView.swift in Sources */ = {isa = PBXBuildFile; fileRef = 43BC31752B3B4D2600A14E6F /* InterventionAjoutView.swift */; };
		43BC31982B3B4D2600A14E6F /* InterventionListView.swift in Sources */ = {isa = PBXBuildFile; fileRef = 43BC31762B3B4D2600A14E6F /* InterventionListView.swift */; };
		43C227592B51EE9000D2C247 /* ClientCarteView.swift in Sources */ = {isa = PBXBuildFile; fileRef = 43C227582B51EE9000D2C247 /* ClientCarteView.swift */; };
		43C2275B2B528E5400D2C247 /* ClientResults.swift in Sources */ = {isa = PBXBuildFile; fileRef = 43C2275A2B528E5400D2C247 /* ClientResults.swift */; };
		43C2275F2B52943900D2C247 /* ResultView.swift in Sources */ = {isa = PBXBuildFile; fileRef = 43C2275E2B52943900D2C247 /* ResultView.swift */; };
		43EE9FA72B49B00C003823A1 /* DashboardTabView.swift in Sources */ = {isa = PBXBuildFile; fileRef = 43EE9FA62B49B00C003823A1 /* DashboardTabView.swift */; };
		43EE9FA92B49BCFA003823A1 /* CountManager.swift in Sources */ = {isa = PBXBuildFile; fileRef = 43EE9FA82B49BCFA003823A1 /* CountManager.swift */; };
		43EE9FAB2B49BDD1003823A1 /* CountModel.swift in Sources */ = {isa = PBXBuildFile; fileRef = 43EE9FAA2B49BDD1003823A1 /* CountModel.swift */; };
		43EE9FAD2B4AB4BB003823A1 /* ClientDetail2.swift in Sources */ = {isa = PBXBuildFile; fileRef = 43EE9FAC2B4AB4BB003823A1 /* ClientDetail2.swift */; };
		43EE9FAF2B4B07F0003823A1 /* CarteViewAfaire.swift in Sources */ = {isa = PBXBuildFile; fileRef = 43EE9FAE2B4B07F0003823A1 /* CarteViewAfaire.swift */; };
		43F928752B3B6DD500668D6A /* PonctuelModel.swift in Sources */ = {isa = PBXBuildFile; fileRef = 43F928742B3B6DD500668D6A /* PonctuelModel.swift */; };
		43F928772B3B6EC200668D6A /* PonctuelListView.swift in Sources */ = {isa = PBXBuildFile; fileRef = 43F928762B3B6EC200668D6A /* PonctuelListView.swift */; };
		43F928792B3B6EF800668D6A /* PonctuelViewModel.swift in Sources */ = {isa = PBXBuildFile; fileRef = 43F928782B3B6EF800668D6A /* PonctuelViewModel.swift */; };
		43F9287B2B3B6F5B00668D6A /* PonctuelManager.swift in Sources */ = {isa = PBXBuildFile; fileRef = 43F9287A2B3B6F5B00668D6A /* PonctuelManager.swift */; };
/* End PBXBuildFile section */

/* Begin PBXFileReference section */
		43115D642B6C23A1005B2BE5 /* InterventionDetailView.swift */ = {isa = PBXFileReference; lastKnownFileType = sourcecode.swift; path = InterventionDetailView.swift; sourceTree = "<group>"; };
		432B6FA82B3DD85D00185225 /* PonctuelDetail.swift */ = {isa = PBXFileReference; lastKnownFileType = sourcecode.swift; path = PonctuelDetail.swift; sourceTree = "<group>"; };
		432B6FAA2B3DDA9800185225 /* CercleInitial.swift */ = {isa = PBXFileReference; lastKnownFileType = sourcecode.swift; path = CercleInitial.swift; sourceTree = "<group>"; };
		432B6FAC2B3DE97E00185225 /* DashboardItemPonctuels.swift */ = {isa = PBXFileReference; lastKnownFileType = sourcecode.swift; path = DashboardItemPonctuels.swift; sourceTree = "<group>"; };
		4376F5072B748D130057577E /* NavButton.swift */ = {isa = PBXFileReference; lastKnownFileType = sourcecode.swift; path = NavButton.swift; sourceTree = "<group>"; };
		43B09F262B6C24E60074AED9 /* Convert.swift */ = {isa = PBXFileReference; lastKnownFileType = sourcecode.swift; path = Convert.swift; sourceTree = "<group>"; };
		43BC31082B3B42E300A14E6F /* fanv3.app */ = {isa = PBXFileReference; explicitFileType = wrapper.application; includeInIndex = 0; path = fanv3.app; sourceTree = BUILT_PRODUCTS_DIR; };
		43BC310B2B3B42E300A14E6F /* fanv3App.swift */ = {isa = PBXFileReference; lastKnownFileType = sourcecode.swift; path = fanv3App.swift; sourceTree = "<group>"; };
		43BC310F2B3B42E400A14E6F /* Assets.xcassets */ = {isa = PBXFileReference; lastKnownFileType = folder.assetcatalog; path = Assets.xcassets; sourceTree = "<group>"; };
		43BC31122B3B42E400A14E6F /* Preview Assets.xcassets */ = {isa = PBXFileReference; lastKnownFileType = folder.assetcatalog; path = "Preview Assets.xcassets"; sourceTree = "<group>"; };
		43BC311E2B3B4A2200A14E6F /* RootView.swift */ = {isa = PBXFileReference; fileEncoding = 4; lastKnownFileType = sourcecode.swift; path = RootView.swift; sourceTree = "<group>"; };
		43BC311F2B3B4A2200A14E6F /* ContentView.swift */ = {isa = PBXFileReference; fileEncoding = 4; lastKnownFileType = sourcecode.swift; name = ContentView.swift; path = ../ContentView.swift; sourceTree = "<group>"; };
		43BC31242B3B4A6D00A14E6F /* LoginViewModel.swift */ = {isa = PBXFileReference; fileEncoding = 4; lastKnownFileType = sourcecode.swift; path = LoginViewModel.swift; sourceTree = "<group>"; };
		43BC31262B3B4A6D00A14E6F /* JWT.swift */ = {isa = PBXFileReference; fileEncoding = 4; lastKnownFileType = sourcecode.swift; path = JWT.swift; sourceTree = "<group>"; };
		43BC31282B3B4A6D00A14E6F /* LoginRequest.swift */ = {isa = PBXFileReference; fileEncoding = 4; lastKnownFileType = sourcecode.swift; path = LoginRequest.swift; sourceTree = "<group>"; };
		43BC31292B3B4A6D00A14E6F /* TokenRequest.swift */ = {isa = PBXFileReference; fileEncoding = 4; lastKnownFileType = sourcecode.swift; path = TokenRequest.swift; sourceTree = "<group>"; };
		43BC312A2B3B4A6D00A14E6F /* JwtTokenModel.swift */ = {isa = PBXFileReference; fileEncoding = 4; lastKnownFileType = sourcecode.swift; path = JwtTokenModel.swift; sourceTree = "<group>"; };
		43BC312B2B3B4A6D00A14E6F /* LoginResponse.swift */ = {isa = PBXFileReference; fileEncoding = 4; lastKnownFileType = sourcecode.swift; path = LoginResponse.swift; sourceTree = "<group>"; };
		43BC312D2B3B4A6D00A14E6F /* UtilisateurView.swift */ = {isa = PBXFileReference; fileEncoding = 4; lastKnownFileType = sourcecode.swift; path = UtilisateurView.swift; sourceTree = "<group>"; };
		43BC312E2B3B4A6D00A14E6F /* LoginView.swift */ = {isa = PBXFileReference; fileEncoding = 4; lastKnownFileType = sourcecode.swift; path = LoginView.swift; sourceTree = "<group>"; };
		43BC313A2B3B4C9D00A14E6F /* Logged.swift */ = {isa = PBXFileReference; lastKnownFileType = sourcecode.swift; path = Logged.swift; sourceTree = "<group>"; };
		43BC313C2B3B4CDB00A14E6F /* AppConfig.swift */ = {isa = PBXFileReference; fileEncoding = 4; lastKnownFileType = sourcecode.swift; path = AppConfig.swift; sourceTree = "<group>"; };
		43BC31402B3B4D2600A14E6F /* ClientViewModel.swift */ = {isa = PBXFileReference; fileEncoding = 4; lastKnownFileType = sourcecode.swift; path = ClientViewModel.swift; sourceTree = "<group>"; };
		43BC31422B3B4D2600A14E6F /* ApiError.swift */ = {isa = PBXFileReference; fileEncoding = 4; lastKnownFileType = sourcecode.swift; path = ApiError.swift; sourceTree = "<group>"; };
		43BC31432B3B4D2600A14E6F /* ClientManager.swift */ = {isa = PBXFileReference; fileEncoding = 4; lastKnownFileType = sourcecode.swift; path = ClientManager.swift; sourceTree = "<group>"; };
		43BC31442B3B4D2600A14E6F /* AlertItem.swift */ = {isa = PBXFileReference; fileEncoding = 4; lastKnownFileType = sourcecode.swift; path = AlertItem.swift; sourceTree = "<group>"; };
		43BC31472B3B4D2600A14E6F /* ClientModel.swift */ = {isa = PBXFileReference; fileEncoding = 4; lastKnownFileType = sourcecode.swift; path = ClientModel.swift; sourceTree = "<group>"; };
		43BC31492B3B4D2600A14E6F /* ClientListView.swift */ = {isa = PBXFileReference; fileEncoding = 4; lastKnownFileType = sourcecode.swift; path = ClientListView.swift; sourceTree = "<group>"; };
		43BC314A2B3B4D2600A14E6F /* ClientDetail.swift */ = {isa = PBXFileReference; fileEncoding = 4; lastKnownFileType = sourcecode.swift; path = ClientDetail.swift; sourceTree = "<group>"; };
		43BC314B2B3B4D2600A14E6F /* ClientListAFaire.swift */ = {isa = PBXFileReference; fileEncoding = 4; lastKnownFileType = sourcecode.swift; path = ClientListAFaire.swift; sourceTree = "<group>"; };
		43BC314C2B3B4D2600A14E6F /* ClientListRetard.swift */ = {isa = PBXFileReference; fileEncoding = 4; lastKnownFileType = sourcecode.swift; path = ClientListRetard.swift; sourceTree = "<group>"; };
		43BC314D2B3B4D2600A14E6F /* DashBoardView.swift */ = {isa = PBXFileReference; fileEncoding = 4; lastKnownFileType = sourcecode.swift; path = DashBoardView.swift; sourceTree = "<group>"; };
		43BC31502B3B4D2600A14E6F /* CarteViewModel.swift */ = {isa = PBXFileReference; fileEncoding = 4; lastKnownFileType = sourcecode.swift; path = CarteViewModel.swift; sourceTree = "<group>"; };
		43BC31522B3B4D2600A14E6F /* CarteClientModel.swift */ = {isa = PBXFileReference; fileEncoding = 4; lastKnownFileType = sourcecode.swift; path = CarteClientModel.swift; sourceTree = "<group>"; };
		43BC31592B3B4D2600A14E6F /* Client.json */ = {isa = PBXFileReference; fileEncoding = 4; lastKnownFileType = text.json; path = Client.json; sourceTree = "<group>"; };
		43BC315B2B3B4D2600A14E6F /* Date.swift */ = {isa = PBXFileReference; fileEncoding = 4; lastKnownFileType = sourcecode.swift; path = Date.swift; sourceTree = "<group>"; };
		43BC315D2B3B4D2600A14E6F /* DashboardItemAFaire.swift */ = {isa = PBXFileReference; fileEncoding = 4; lastKnownFileType = sourcecode.swift; path = DashboardItemAFaire.swift; sourceTree = "<group>"; };
		43BC315E2B3B4D2600A14E6F /* DashboardItemTaches.swift */ = {isa = PBXFileReference; fileEncoding = 4; lastKnownFileType = sourcecode.swift; path = DashboardItemTaches.swift; sourceTree = "<group>"; };
		43BC315F2B3B4D2600A14E6F /* DashboardItemClients.swift */ = {isa = PBXFileReference; fileEncoding = 4; lastKnownFileType = sourcecode.swift; path = DashboardItemClients.swift; sourceTree = "<group>"; };
		43BC31602B3B4D2600A14E6F /* DashboardItemCarte.swift */ = {isa = PBXFileReference; fileEncoding = 4; lastKnownFileType = sourcecode.swift; path = DashboardItemCarte.swift; sourceTree = "<group>"; };
		43BC31612B3B4D2600A14E6F /* DashboardInterventionsMois.swift */ = {isa = PBXFileReference; fileEncoding = 4; lastKnownFileType = sourcecode.swift; path = DashboardInterventionsMois.swift; sourceTree = "<group>"; };
		43BC31622B3B4D2600A14E6F /* DashboardItemRetard.swift */ = {isa = PBXFileReference; fileEncoding = 4; lastKnownFileType = sourcecode.swift; path = DashboardItemRetard.swift; sourceTree = "<group>"; };
		43BC31652B3B4D2600A14E6F /* TacheViewModel.swift */ = {isa = PBXFileReference; fileEncoding = 4; lastKnownFileType = sourcecode.swift; path = TacheViewModel.swift; sourceTree = "<group>"; };
		43BC31672B3B4D2600A14E6F /* TacheManager.swift */ = {isa = PBXFileReference; fileEncoding = 4; lastKnownFileType = sourcecode.swift; path = TacheManager.swift; sourceTree = "<group>"; };
		43BC31692B3B4D2600A14E6F /* TacheModel.swift */ = {isa = PBXFileReference; fileEncoding = 4; lastKnownFileType = sourcecode.swift; path = TacheModel.swift; sourceTree = "<group>"; };
		43BC316B2B3B4D2600A14E6F /* TacheListView.swift */ = {isa = PBXFileReference; fileEncoding = 4; lastKnownFileType = sourcecode.swift; path = TacheListView.swift; sourceTree = "<group>"; };
		43BC316C2B3B4D2600A14E6F /* TacheTabView.swift */ = {isa = PBXFileReference; fileEncoding = 4; lastKnownFileType = sourcecode.swift; path = TacheTabView.swift; sourceTree = "<group>"; };
		43BC316F2B3B4D2600A14E6F /* InterventionViewModel.swift */ = {isa = PBXFileReference; fileEncoding = 4; lastKnownFileType = sourcecode.swift; path = InterventionViewModel.swift; sourceTree = "<group>"; };
		43BC31712B3B4D2600A14E6F /* InterventionManager.swift */ = {isa = PBXFileReference; fileEncoding = 4; lastKnownFileType = sourcecode.swift; path = InterventionManager.swift; sourceTree = "<group>"; };
		43BC31732B3B4D2600A14E6F /* InterventionModel.swift */ = {isa = PBXFileReference; fileEncoding = 4; lastKnownFileType = sourcecode.swift; path = InterventionModel.swift; sourceTree = "<group>"; };
		43BC31752B3B4D2600A14E6F /* InterventionAjoutView.swift */ = {isa = PBXFileReference; fileEncoding = 4; lastKnownFileType = sourcecode.swift; path = InterventionAjoutView.swift; sourceTree = "<group>"; };
		43BC31762B3B4D2600A14E6F /* InterventionListView.swift */ = {isa = PBXFileReference; fileEncoding = 4; lastKnownFileType = sourcecode.swift; path = InterventionListView.swift; sourceTree = "<group>"; };
		43C227582B51EE9000D2C247 /* ClientCarteView.swift */ = {isa = PBXFileReference; lastKnownFileType = sourcecode.swift; path = ClientCarteView.swift; sourceTree = "<group>"; };
		43C2275A2B528E5400D2C247 /* ClientResults.swift */ = {isa = PBXFileReference; lastKnownFileType = sourcecode.swift; path = ClientResults.swift; sourceTree = "<group>"; };
		43C2275E2B52943900D2C247 /* ResultView.swift */ = {isa = PBXFileReference; lastKnownFileType = sourcecode.swift; path = ResultView.swift; sourceTree = "<group>"; };
		43C227632B54127E00D2C247 /* Info.plist */ = {isa = PBXFileReference; lastKnownFileType = text.plist; path = Info.plist; sourceTree = "<group>"; };
		43EE9FA62B49B00C003823A1 /* DashboardTabView.swift */ = {isa = PBXFileReference; lastKnownFileType = sourcecode.swift; path = DashboardTabView.swift; sourceTree = "<group>"; };
		43EE9FA82B49BCFA003823A1 /* CountManager.swift */ = {isa = PBXFileReference; lastKnownFileType = sourcecode.swift; path = CountManager.swift; sourceTree = "<group>"; };
		43EE9FAA2B49BDD1003823A1 /* CountModel.swift */ = {isa = PBXFileReference; lastKnownFileType = sourcecode.swift; path = CountModel.swift; sourceTree = "<group>"; };
		43EE9FAC2B4AB4BB003823A1 /* ClientDetail2.swift */ = {isa = PBXFileReference; lastKnownFileType = sourcecode.swift; path = ClientDetail2.swift; sourceTree = "<group>"; };
		43EE9FAE2B4B07F0003823A1 /* CarteViewAfaire.swift */ = {isa = PBXFileReference; lastKnownFileType = sourcecode.swift; path = CarteViewAfaire.swift; sourceTree = "<group>"; };
		43F928742B3B6DD500668D6A /* PonctuelModel.swift */ = {isa = PBXFileReference; lastKnownFileType = sourcecode.swift; path = PonctuelModel.swift; sourceTree = "<group>"; };
		43F928762B3B6EC200668D6A /* PonctuelListView.swift */ = {isa = PBXFileReference; lastKnownFileType = sourcecode.swift; path = PonctuelListView.swift; sourceTree = "<group>"; };
		43F928782B3B6EF800668D6A /* PonctuelViewModel.swift */ = {isa = PBXFileReference; lastKnownFileType = sourcecode.swift; path = PonctuelViewModel.swift; sourceTree = "<group>"; };
		43F9287A2B3B6F5B00668D6A /* PonctuelManager.swift */ = {isa = PBXFileReference; lastKnownFileType = sourcecode.swift; path = PonctuelManager.swift; sourceTree = "<group>"; };
/* End PBXFileReference section */

/* Begin PBXFrameworksBuildPhase section */
		43BC31052B3B42E300A14E6F /* Frameworks */ = {
			isa = PBXFrameworksBuildPhase;
			buildActionMask = 2147483647;
			files = (
				43BC31392B3B4C3D00A14E6F /* JWTDecode in Frameworks */,
				43BC311D2B3B49C700A14E6F /* KeychainSwift in Frameworks */,
			);
			runOnlyForDeploymentPostprocessing = 0;
		};
/* End PBXFrameworksBuildPhase section */

/* Begin PBXGroup section */
		43BC30FF2B3B42E300A14E6F = {
			isa = PBXGroup;
			children = (
				43BC310A2B3B42E300A14E6F /* fanv3 */,
				43BC31092B3B42E300A14E6F /* Products */,
			);
			sourceTree = "<group>";
		};
		43BC31092B3B42E300A14E6F /* Products */ = {
			isa = PBXGroup;
			children = (
				43BC31082B3B42E300A14E6F /* fanv3.app */,
			);
			name = Products;
			sourceTree = "<group>";
		};
		43BC310A2B3B42E300A14E6F /* fanv3 */ = {
			isa = PBXGroup;
			children = (
				43C227632B54127E00D2C247 /* Info.plist */,
				43BC31222B3B4A6D00A14E6F /* Authentification */,
				43BC313E2B3B4D2600A14E6F /* Client */,
				43F9286F2B3B6CBE00668D6A /* Ponctuel */,
				43BC314E2B3B4D2600A14E6F /* Carte */,
				43BC315C2B3B4D2600A14E6F /* Dashboard */,
				43BC314D2B3B4D2600A14E6F /* DashBoardView.swift */,
				43BC316D2B3B4D2600A14E6F /* Intervention */,
				43BC31632B3B4D2600A14E6F /* Tache */,
				43BC315A2B3B4D2600A14E6F /* Utilitaires */,
				43BC313C2B3B4CDB00A14E6F /* AppConfig.swift */,
				43BC310B2B3B42E300A14E6F /* fanv3App.swift */,
				43BC31582B3B4D2600A14E6F /* DataJson */,
				43BC311F2B3B4A2200A14E6F /* ContentView.swift */,
				43BC311E2B3B4A2200A14E6F /* RootView.swift */,
				43BC310F2B3B42E400A14E6F /* Assets.xcassets */,
				43BC31112B3B42E400A14E6F /* Preview Content */,
				43BC313A2B3B4C9D00A14E6F /* Logged.swift */,
			);
			path = fanv3;
			sourceTree = "<group>";
		};
		43BC31112B3B42E400A14E6F /* Preview Content */ = {
			isa = PBXGroup;
			children = (
				43BC31122B3B42E400A14E6F /* Preview Assets.xcassets */,
			);
			path = "Preview Content";
			sourceTree = "<group>";
		};
		43BC31222B3B4A6D00A14E6F /* Authentification */ = {
			isa = PBXGroup;
			children = (
				43BC31232B3B4A6D00A14E6F /* ViewModel */,
				43BC31252B3B4A6D00A14E6F /* Utilitaires */,
				43BC31272B3B4A6D00A14E6F /* Model */,
				43BC312C2B3B4A6D00A14E6F /* View */,
			);
			path = Authentification;
			sourceTree = "<group>";
		};
		43BC31232B3B4A6D00A14E6F /* ViewModel */ = {
			isa = PBXGroup;
			children = (
				43BC31242B3B4A6D00A14E6F /* LoginViewModel.swift */,
			);
			path = ViewModel;
			sourceTree = "<group>";
		};
		43BC31252B3B4A6D00A14E6F /* Utilitaires */ = {
			isa = PBXGroup;
			children = (
				43BC31262B3B4A6D00A14E6F /* JWT.swift */,
			);
			path = Utilitaires;
			sourceTree = "<group>";
		};
		43BC31272B3B4A6D00A14E6F /* Model */ = {
			isa = PBXGroup;
			children = (
				43BC31282B3B4A6D00A14E6F /* LoginRequest.swift */,
				43BC31292B3B4A6D00A14E6F /* TokenRequest.swift */,
				43BC312A2B3B4A6D00A14E6F /* JwtTokenModel.swift */,
				43BC312B2B3B4A6D00A14E6F /* LoginResponse.swift */,
			);
			path = Model;
			sourceTree = "<group>";
		};
		43BC312C2B3B4A6D00A14E6F /* View */ = {
			isa = PBXGroup;
			children = (
				43BC312D2B3B4A6D00A14E6F /* UtilisateurView.swift */,
				43BC312E2B3B4A6D00A14E6F /* LoginView.swift */,
			);
			path = View;
			sourceTree = "<group>";
		};
		43BC313E2B3B4D2600A14E6F /* Client */ = {
			isa = PBXGroup;
			children = (
				43BC313F2B3B4D2600A14E6F /* ViewModel */,
				43BC31412B3B4D2600A14E6F /* Utilitaires */,
				43BC31452B3B4D2600A14E6F /* DataJson */,
				43BC31462B3B4D2600A14E6F /* Model */,
				43BC31482B3B4D2600A14E6F /* View */,
			);
			path = Client;
			sourceTree = "<group>";
		};
		43BC313F2B3B4D2600A14E6F /* ViewModel */ = {
			isa = PBXGroup;
			children = (
				43BC31402B3B4D2600A14E6F /* ClientViewModel.swift */,
			);
			path = ViewModel;
			sourceTree = "<group>";
		};
		43BC31412B3B4D2600A14E6F /* Utilitaires */ = {
			isa = PBXGroup;
			children = (
				43BC31422B3B4D2600A14E6F /* ApiError.swift */,
				43BC31432B3B4D2600A14E6F /* ClientManager.swift */,
				43BC31442B3B4D2600A14E6F /* AlertItem.swift */,
			);
			path = Utilitaires;
			sourceTree = "<group>";
		};
		43BC31452B3B4D2600A14E6F /* DataJson */ = {
			isa = PBXGroup;
			children = (
			);
			path = DataJson;
			sourceTree = "<group>";
		};
		43BC31462B3B4D2600A14E6F /* Model */ = {
			isa = PBXGroup;
			children = (
				43BC31472B3B4D2600A14E6F /* ClientModel.swift */,
			);
			path = Model;
			sourceTree = "<group>";
		};
		43BC31482B3B4D2600A14E6F /* View */ = {
			isa = PBXGroup;
			children = (
				43BC31492B3B4D2600A14E6F /* ClientListView.swift */,
				43BC314A2B3B4D2600A14E6F /* ClientDetail.swift */,
				43EE9FAC2B4AB4BB003823A1 /* ClientDetail2.swift */,
				43BC314B2B3B4D2600A14E6F /* ClientListAFaire.swift */,
				43BC314C2B3B4D2600A14E6F /* ClientListRetard.swift */,
			);
			path = View;
			sourceTree = "<group>";
		};
		43BC314E2B3B4D2600A14E6F /* Carte */ = {
			isa = PBXGroup;
			children = (
				43BC314F2B3B4D2600A14E6F /* ViewModel */,
				43BC31512B3B4D2600A14E6F /* Model */,
				43BC31532B3B4D2600A14E6F /* View */,
			);
			path = Carte;
			sourceTree = "<group>";
		};
		43BC314F2B3B4D2600A14E6F /* ViewModel */ = {
			isa = PBXGroup;
			children = (
				43BC31502B3B4D2600A14E6F /* CarteViewModel.swift */,
			);
			path = ViewModel;
			sourceTree = "<group>";
		};
		43BC31512B3B4D2600A14E6F /* Model */ = {
			isa = PBXGroup;
			children = (
				43BC31522B3B4D2600A14E6F /* CarteClientModel.swift */,
				43C2275A2B528E5400D2C247 /* ClientResults.swift */,
			);
			path = Model;
			sourceTree = "<group>";
		};
		43BC31532B3B4D2600A14E6F /* View */ = {
			isa = PBXGroup;
			children = (
				43EE9FAE2B4B07F0003823A1 /* CarteViewAfaire.swift */,
				43C227582B51EE9000D2C247 /* ClientCarteView.swift */,
				43C2275E2B52943900D2C247 /* ResultView.swift */,
			);
			path = View;
			sourceTree = "<group>";
		};
		43BC31582B3B4D2600A14E6F /* DataJson */ = {
			isa = PBXGroup;
			children = (
				43BC31592B3B4D2600A14E6F /* Client.json */,
			);
			path = DataJson;
			sourceTree = "<group>";
		};
		43BC315A2B3B4D2600A14E6F /* Utilitaires */ = {
			isa = PBXGroup;
			children = (
				43BC315B2B3B4D2600A14E6F /* Date.swift */,
				432B6FAA2B3DDA9800185225 /* CercleInitial.swift */,
				43EE9FA82B49BCFA003823A1 /* CountManager.swift */,
				43EE9FAA2B49BDD1003823A1 /* CountModel.swift */,
				43B09F262B6C24E60074AED9 /* Convert.swift */,
				4376F5072B748D130057577E /* NavButton.swift */,
			);
			path = Utilitaires;
			sourceTree = "<group>";
		};
		43BC315C2B3B4D2600A14E6F /* Dashboard */ = {
			isa = PBXGroup;
			children = (
				43BC315D2B3B4D2600A14E6F /* DashboardItemAFaire.swift */,
				43BC315E2B3B4D2600A14E6F /* DashboardItemTaches.swift */,
				432B6FAC2B3DE97E00185225 /* DashboardItemPonctuels.swift */,
				43BC315F2B3B4D2600A14E6F /* DashboardItemClients.swift */,
				43BC31602B3B4D2600A14E6F /* DashboardItemCarte.swift */,
				43BC31612B3B4D2600A14E6F /* DashboardInterventionsMois.swift */,
				43BC31622B3B4D2600A14E6F /* DashboardItemRetard.swift */,
				43EE9FA62B49B00C003823A1 /* DashboardTabView.swift */,
			);
			path = Dashboard;
			sourceTree = "<group>";
		};
		43BC31632B3B4D2600A14E6F /* Tache */ = {
			isa = PBXGroup;
			children = (
				43BC31642B3B4D2600A14E6F /* ViewModel */,
				43BC31662B3B4D2600A14E6F /* Utilitaires */,
				43BC31682B3B4D2600A14E6F /* Model */,
				43BC316A2B3B4D2600A14E6F /* View */,
			);
			path = Tache;
			sourceTree = "<group>";
		};
		43BC31642B3B4D2600A14E6F /* ViewModel */ = {
			isa = PBXGroup;
			children = (
				43BC31652B3B4D2600A14E6F /* TacheViewModel.swift */,
			);
			path = ViewModel;
			sourceTree = "<group>";
		};
		43BC31662B3B4D2600A14E6F /* Utilitaires */ = {
			isa = PBXGroup;
			children = (
				43BC31672B3B4D2600A14E6F /* TacheManager.swift */,
			);
			path = Utilitaires;
			sourceTree = "<group>";
		};
		43BC31682B3B4D2600A14E6F /* Model */ = {
			isa = PBXGroup;
			children = (
				43BC31692B3B4D2600A14E6F /* TacheModel.swift */,
			);
			path = Model;
			sourceTree = "<group>";
		};
		43BC316A2B3B4D2600A14E6F /* View */ = {
			isa = PBXGroup;
			children = (
				43BC316B2B3B4D2600A14E6F /* TacheListView.swift */,
				43BC316C2B3B4D2600A14E6F /* TacheTabView.swift */,
			);
			path = View;
			sourceTree = "<group>";
		};
		43BC316D2B3B4D2600A14E6F /* Intervention */ = {
			isa = PBXGroup;
			children = (
				43BC316E2B3B4D2600A14E6F /* ViewModel */,
				43BC31702B3B4D2600A14E6F /* Utilitaires */,
				43BC31722B3B4D2600A14E6F /* Model */,
				43BC31742B3B4D2600A14E6F /* View */,
			);
			path = Intervention;
			sourceTree = "<group>";
		};
		43BC316E2B3B4D2600A14E6F /* ViewModel */ = {
			isa = PBXGroup;
			children = (
				43BC316F2B3B4D2600A14E6F /* InterventionViewModel.swift */,
			);
			path = ViewModel;
			sourceTree = "<group>";
		};
		43BC31702B3B4D2600A14E6F /* Utilitaires */ = {
			isa = PBXGroup;
			children = (
				43BC31712B3B4D2600A14E6F /* InterventionManager.swift */,
			);
			path = Utilitaires;
			sourceTree = "<group>";
		};
		43BC31722B3B4D2600A14E6F /* Model */ = {
			isa = PBXGroup;
			children = (
				43BC31732B3B4D2600A14E6F /* InterventionModel.swift */,
			);
			path = Model;
			sourceTree = "<group>";
		};
		43BC31742B3B4D2600A14E6F /* View */ = {
			isa = PBXGroup;
			children = (
				43BC31752B3B4D2600A14E6F /* InterventionAjoutView.swift */,
				43BC31762B3B4D2600A14E6F /* InterventionListView.swift */,
				43115D642B6C23A1005B2BE5 /* InterventionDetailView.swift */,
			);
			path = View;
			sourceTree = "<group>";
		};
		43F9286F2B3B6CBE00668D6A /* Ponctuel */ = {
			isa = PBXGroup;
			children = (
				43F928732B3B6DB800668D6A /* ViewModel */,
				43F928722B3B6DA400668D6A /* Utilitaires */,
				43F928712B3B6D9F00668D6A /* View */,
				43F928702B3B6D9800668D6A /* Model */,
			);
			path = Ponctuel;
			sourceTree = "<group>";
		};
		43F928702B3B6D9800668D6A /* Model */ = {
			isa = PBXGroup;
			children = (
				43F928742B3B6DD500668D6A /* PonctuelModel.swift */,
			);
			path = Model;
			sourceTree = "<group>";
		};
		43F928712B3B6D9F00668D6A /* View */ = {
			isa = PBXGroup;
			children = (
				43F928762B3B6EC200668D6A /* PonctuelListView.swift */,
				432B6FA82B3DD85D00185225 /* PonctuelDetail.swift */,
			);
			path = View;
			sourceTree = "<group>";
		};
		43F928722B3B6DA400668D6A /* Utilitaires */ = {
			isa = PBXGroup;
			children = (
				43F9287A2B3B6F5B00668D6A /* PonctuelManager.swift */,
			);
			path = Utilitaires;
			sourceTree = "<group>";
		};
		43F928732B3B6DB800668D6A /* ViewModel */ = {
			isa = PBXGroup;
			children = (
				43F928782B3B6EF800668D6A /* PonctuelViewModel.swift */,
			);
			path = ViewModel;
			sourceTree = "<group>";
		};
/* End PBXGroup section */

/* Begin PBXNativeTarget section */
		43BC31072B3B42E300A14E6F /* fanv3 */ = {
			isa = PBXNativeTarget;
			buildConfigurationList = 43BC31162B3B42E400A14E6F /* Build configuration list for PBXNativeTarget "fanv3" */;
			buildPhases = (
				43BC31042B3B42E300A14E6F /* Sources */,
				43BC31052B3B42E300A14E6F /* Frameworks */,
				43BC31062B3B42E300A14E6F /* Resources */,
			);
			buildRules = (
			);
			dependencies = (
			);
			name = fanv3;
			packageProductDependencies = (
				43BC311C2B3B49C700A14E6F /* KeychainSwift */,
				43BC31382B3B4C3D00A14E6F /* JWTDecode */,
			);
			productName = fanv3;
			productReference = 43BC31082B3B42E300A14E6F /* fanv3.app */;
			productType = "com.apple.product-type.application";
		};
/* End PBXNativeTarget section */

/* Begin PBXProject section */
		43BC31002B3B42E300A14E6F /* Project object */ = {
			isa = PBXProject;
			attributes = {
				BuildIndependentTargetsInParallel = 1;
				LastSwiftUpdateCheck = 1510;
				LastUpgradeCheck = 1510;
				TargetAttributes = {
					43BC31072B3B42E300A14E6F = {
						CreatedOnToolsVersion = 15.1;
					};
				};
			};
			buildConfigurationList = 43BC31032B3B42E300A14E6F /* Build configuration list for PBXProject "fanv3" */;
			compatibilityVersion = "Xcode 14.0";
			developmentRegion = en;
			hasScannedForEncodings = 0;
			knownRegions = (
				en,
				Base,
				fr,
			);
			mainGroup = 43BC30FF2B3B42E300A14E6F;
			packageReferences = (
				43BC311B2B3B49C700A14E6F /* XCRemoteSwiftPackageReference "keychain-swift" */,
				43BC31372B3B4C3D00A14E6F /* XCRemoteSwiftPackageReference "JWTDecode" */,
			);
			productRefGroup = 43BC31092B3B42E300A14E6F /* Products */;
			projectDirPath = "";
			projectRoot = "";
			targets = (
				43BC31072B3B42E300A14E6F /* fanv3 */,
			);
		};
/* End PBXProject section */

/* Begin PBXResourcesBuildPhase section */
		43BC31062B3B42E300A14E6F /* Resources */ = {
			isa = PBXResourcesBuildPhase;
			buildActionMask = 2147483647;
			files = (
				43BC31132B3B42E400A14E6F /* Preview Assets.xcassets in Resources */,
				43BC31872B3B4D2600A14E6F /* Client.json in Resources */,
				43BC31102B3B42E400A14E6F /* Assets.xcassets in Resources */,
			);
			runOnlyForDeploymentPostprocessing = 0;
		};
/* End PBXResourcesBuildPhase section */

/* Begin PBXSourcesBuildPhase section */
		43BC31042B3B42E300A14E6F /* Sources */ = {
			isa = PBXSourcesBuildPhase;
			buildActionMask = 2147483647;
			files = (
				43BC31972B3B4D2600A14E6F /* InterventionAjoutView.swift in Sources */,
				432B6FAD2B3DE97E00185225 /* DashboardItemPonctuels.swift in Sources */,
				43BC31302B3B4A6D00A14E6F /* JWT.swift in Sources */,
				43EE9FA92B49BCFA003823A1 /* CountManager.swift in Sources */,
				43BC31882B3B4D2600A14E6F /* Date.swift in Sources */,
				43BC318F2B3B4D2600A14E6F /* TacheViewModel.swift in Sources */,
				43BC313B2B3B4C9D00A14E6F /* Logged.swift in Sources */,
				43BC318A2B3B4D2600A14E6F /* DashboardItemTaches.swift in Sources */,
				43BC317F2B3B4D2600A14E6F /* ClientListRetard.swift in Sources */,
				43BC31802B3B4D2600A14E6F /* DashBoardView.swift in Sources */,
				43EE9FAD2B4AB4BB003823A1 /* ClientDetail2.swift in Sources */,
				43BC312F2B3B4A6D00A14E6F /* LoginViewModel.swift in Sources */,
				43BC31352B3B4A6D00A14E6F /* UtilisateurView.swift in Sources */,
				43BC31892B3B4D2600A14E6F /* DashboardItemAFaire.swift in Sources */,
				43BC31342B3B4A6D00A14E6F /* LoginResponse.swift in Sources */,
				43BC31932B3B4D2600A14E6F /* TacheTabView.swift in Sources */,
				432B6FAB2B3DDA9800185225 /* CercleInitial.swift in Sources */,
				43BC31942B3B4D2600A14E6F /* InterventionViewModel.swift in Sources */,
				43115D652B6C23A1005B2BE5 /* InterventionDetailView.swift in Sources */,
				43BC31912B3B4D2600A14E6F /* TacheModel.swift in Sources */,
				43BC31772B3B4D2600A14E6F /* ClientViewModel.swift in Sources */,
				43BC31322B3B4A6D00A14E6F /* TokenRequest.swift in Sources */,
				43F928772B3B6EC200668D6A /* PonctuelListView.swift in Sources */,
				43BC310C2B3B42E300A14E6F /* fanv3App.swift in Sources */,
				43BC318D2B3B4D2600A14E6F /* DashboardInterventionsMois.swift in Sources */,
				43BC31792B3B4D2600A14E6F /* ClientManager.swift in Sources */,
				43BC31922B3B4D2600A14E6F /* TacheListView.swift in Sources */,
				43F9287B2B3B6F5B00668D6A /* PonctuelManager.swift in Sources */,
				43F928792B3B6EF800668D6A /* PonctuelViewModel.swift in Sources */,
				43BC318C2B3B4D2600A14E6F /* DashboardItemCarte.swift in Sources */,
				43BC318E2B3B4D2600A14E6F /* DashboardItemRetard.swift in Sources */,
				43BC31782B3B4D2600A14E6F /* ApiError.swift in Sources */,
				43BC318B2B3B4D2600A14E6F /* DashboardItemClients.swift in Sources */,
				43F928752B3B6DD500668D6A /* PonctuelModel.swift in Sources */,
				43BC317E2B3B4D2600A14E6F /* ClientListAFaire.swift in Sources */,
				43BC31312B3B4A6D00A14E6F /* LoginRequest.swift in Sources */,
				43BC317D2B3B4D2600A14E6F /* ClientDetail.swift in Sources */,
				43BC31982B3B4D2600A14E6F /* InterventionListView.swift in Sources */,
				43BC31952B3B4D2600A14E6F /* InterventionManager.swift in Sources */,
				4376F5082B748D130057577E /* NavButton.swift in Sources */,
				43B09F272B6C24E60074AED9 /* Convert.swift in Sources */,
				432B6FA92B3DD85D00185225 /* PonctuelDetail.swift in Sources */,
				43EE9FAF2B4B07F0003823A1 /* CarteViewAfaire.swift in Sources */,
				43C2275F2B52943900D2C247 /* ResultView.swift in Sources */,
				43BC31332B3B4A6D00A14E6F /* JwtTokenModel.swift in Sources */,
				43EE9FA72B49B00C003823A1 /* DashboardTabView.swift in Sources */,
				43BC31822B3B4D2600A14E6F /* CarteClientModel.swift in Sources */,
				43BC317A2B3B4D2600A14E6F /* AlertItem.swift in Sources */,
				43BC31362B3B4A6D00A14E6F /* LoginView.swift in Sources */,
				43BC31812B3B4D2600A14E6F /* CarteViewModel.swift in Sources */,
				43BC313D2B3B4CDB00A14E6F /* AppConfig.swift in Sources */,
				43C2275B2B528E5400D2C247 /* ClientResults.swift in Sources */,
				43BC317C2B3B4D2600A14E6F /* ClientListView.swift in Sources */,
				43BC31212B3B4A2200A14E6F /* ContentView.swift in Sources */,
				43BC31962B3B4D2600A14E6F /* InterventionModel.swift in Sources */,
				43BC317B2B3B4D2600A14E6F /* ClientModel.swift in Sources */,
				43EE9FAB2B49BDD1003823A1 /* CountModel.swift in Sources */,
				43BC31202B3B4A2200A14E6F /* RootView.swift in Sources */,
				43C227592B51EE9000D2C247 /* ClientCarteView.swift in Sources */,
				43BC31902B3B4D2600A14E6F /* TacheManager.swift in Sources */,
			);
			runOnlyForDeploymentPostprocessing = 0;
		};
/* End PBXSourcesBuildPhase section */

/* Begin XCBuildConfiguration section */
		43BC31142B3B42E400A14E6F /* Debug */ = {
			isa = XCBuildConfiguration;
			buildSettings = {
				ALWAYS_SEARCH_USER_PATHS = NO;
				ASSETCATALOG_COMPILER_GENERATE_SWIFT_ASSET_SYMBOL_EXTENSIONS = YES;
				CLANG_ANALYZER_NONNULL = YES;
				CLANG_ANALYZER_NUMBER_OBJECT_CONVERSION = YES_AGGRESSIVE;
				CLANG_CXX_LANGUAGE_STANDARD = "gnu++20";
				CLANG_ENABLE_MODULES = YES;
				CLANG_ENABLE_OBJC_ARC = YES;
				CLANG_ENABLE_OBJC_WEAK = YES;
				CLANG_WARN_BLOCK_CAPTURE_AUTORELEASING = YES;
				CLANG_WARN_BOOL_CONVERSION = YES;
				CLANG_WARN_COMMA = YES;
				CLANG_WARN_CONSTANT_CONVERSION = YES;
				CLANG_WARN_DEPRECATED_OBJC_IMPLEMENTATIONS = YES;
				CLANG_WARN_DIRECT_OBJC_ISA_USAGE = YES_ERROR;
				CLANG_WARN_DOCUMENTATION_COMMENTS = YES;
				CLANG_WARN_EMPTY_BODY = YES;
				CLANG_WARN_ENUM_CONVERSION = YES;
				CLANG_WARN_INFINITE_RECURSION = YES;
				CLANG_WARN_INT_CONVERSION = YES;
				CLANG_WARN_NON_LITERAL_NULL_CONVERSION = YES;
				CLANG_WARN_OBJC_IMPLICIT_RETAIN_SELF = YES;
				CLANG_WARN_OBJC_LITERAL_CONVERSION = YES;
				CLANG_WARN_OBJC_ROOT_CLASS = YES_ERROR;
				CLANG_WARN_QUOTED_INCLUDE_IN_FRAMEWORK_HEADER = YES;
				CLANG_WARN_RANGE_LOOP_ANALYSIS = YES;
				CLANG_WARN_STRICT_PROTOTYPES = YES;
				CLANG_WARN_SUSPICIOUS_MOVE = YES;
				CLANG_WARN_UNGUARDED_AVAILABILITY = YES_AGGRESSIVE;
				CLANG_WARN_UNREACHABLE_CODE = YES;
				CLANG_WARN__DUPLICATE_METHOD_MATCH = YES;
				COPY_PHASE_STRIP = NO;
				DEBUG_INFORMATION_FORMAT = dwarf;
				ENABLE_STRICT_OBJC_MSGSEND = YES;
				ENABLE_TESTABILITY = YES;
				ENABLE_USER_SCRIPT_SANDBOXING = YES;
				GCC_C_LANGUAGE_STANDARD = gnu17;
				GCC_DYNAMIC_NO_PIC = NO;
				GCC_NO_COMMON_BLOCKS = YES;
				GCC_OPTIMIZATION_LEVEL = 0;
				GCC_PREPROCESSOR_DEFINITIONS = (
					"DEBUG=1",
					"$(inherited)",
				);
				GCC_WARN_64_TO_32_BIT_CONVERSION = YES;
				GCC_WARN_ABOUT_RETURN_TYPE = YES_ERROR;
				GCC_WARN_UNDECLARED_SELECTOR = YES;
				GCC_WARN_UNINITIALIZED_AUTOS = YES_AGGRESSIVE;
				GCC_WARN_UNUSED_FUNCTION = YES;
				GCC_WARN_UNUSED_VARIABLE = YES;
				IPHONEOS_DEPLOYMENT_TARGET = 17.2;
				LOCALIZATION_PREFERS_STRING_CATALOGS = YES;
				MTL_ENABLE_DEBUG_INFO = INCLUDE_SOURCE;
				MTL_FAST_MATH = YES;
				ONLY_ACTIVE_ARCH = YES;
				SDKROOT = iphoneos;
				SWIFT_ACTIVE_COMPILATION_CONDITIONS = "DEBUG $(inherited)";
				SWIFT_OPTIMIZATION_LEVEL = "-Onone";
			};
			name = Debug;
		};
		43BC31152B3B42E400A14E6F /* Release */ = {
			isa = XCBuildConfiguration;
			buildSettings = {
				ALWAYS_SEARCH_USER_PATHS = NO;
				ASSETCATALOG_COMPILER_GENERATE_SWIFT_ASSET_SYMBOL_EXTENSIONS = YES;
				CLANG_ANALYZER_NONNULL = YES;
				CLANG_ANALYZER_NUMBER_OBJECT_CONVERSION = YES_AGGRESSIVE;
				CLANG_CXX_LANGUAGE_STANDARD = "gnu++20";
				CLANG_ENABLE_MODULES = YES;
				CLANG_ENABLE_OBJC_ARC = YES;
				CLANG_ENABLE_OBJC_WEAK = YES;
				CLANG_WARN_BLOCK_CAPTURE_AUTORELEASING = YES;
				CLANG_WARN_BOOL_CONVERSION = YES;
				CLANG_WARN_COMMA = YES;
				CLANG_WARN_CONSTANT_CONVERSION = YES;
				CLANG_WARN_DEPRECATED_OBJC_IMPLEMENTATIONS = YES;
				CLANG_WARN_DIRECT_OBJC_ISA_USAGE = YES_ERROR;
				CLANG_WARN_DOCUMENTATION_COMMENTS = YES;
				CLANG_WARN_EMPTY_BODY = YES;
				CLANG_WARN_ENUM_CONVERSION = YES;
				CLANG_WARN_INFINITE_RECURSION = YES;
				CLANG_WARN_INT_CONVERSION = YES;
				CLANG_WARN_NON_LITERAL_NULL_CONVERSION = YES;
				CLANG_WARN_OBJC_IMPLICIT_RETAIN_SELF = YES;
				CLANG_WARN_OBJC_LITERAL_CONVERSION = YES;
				CLANG_WARN_OBJC_ROOT_CLASS = YES_ERROR;
				CLANG_WARN_QUOTED_INCLUDE_IN_FRAMEWORK_HEADER = YES;
				CLANG_WARN_RANGE_LOOP_ANALYSIS = YES;
				CLANG_WARN_STRICT_PROTOTYPES = YES;
				CLANG_WARN_SUSPICIOUS_MOVE = YES;
				CLANG_WARN_UNGUARDED_AVAILABILITY = YES_AGGRESSIVE;
				CLANG_WARN_UNREACHABLE_CODE = YES;
				CLANG_WARN__DUPLICATE_METHOD_MATCH = YES;
				COPY_PHASE_STRIP = NO;
				DEBUG_INFORMATION_FORMAT = "dwarf-with-dsym";
				ENABLE_NS_ASSERTIONS = NO;
				ENABLE_STRICT_OBJC_MSGSEND = YES;
				ENABLE_USER_SCRIPT_SANDBOXING = YES;
				GCC_C_LANGUAGE_STANDARD = gnu17;
				GCC_NO_COMMON_BLOCKS = YES;
				GCC_WARN_64_TO_32_BIT_CONVERSION = YES;
				GCC_WARN_ABOUT_RETURN_TYPE = YES_ERROR;
				GCC_WARN_UNDECLARED_SELECTOR = YES;
				GCC_WARN_UNINITIALIZED_AUTOS = YES_AGGRESSIVE;
				GCC_WARN_UNUSED_FUNCTION = YES;
				GCC_WARN_UNUSED_VARIABLE = YES;
				IPHONEOS_DEPLOYMENT_TARGET = 17.2;
				LOCALIZATION_PREFERS_STRING_CATALOGS = YES;
				MTL_ENABLE_DEBUG_INFO = NO;
				MTL_FAST_MATH = YES;
				SDKROOT = iphoneos;
				SWIFT_COMPILATION_MODE = wholemodule;
				VALIDATE_PRODUCT = YES;
			};
			name = Release;
		};
		43BC31172B3B42E400A14E6F /* Debug */ = {
			isa = XCBuildConfiguration;
			buildSettings = {
				ASSETCATALOG_COMPILER_APPICON_NAME = AppIcon;
				ASSETCATALOG_COMPILER_GLOBAL_ACCENT_COLOR_NAME = AccentColor;
				CODE_SIGN_IDENTITY = "Apple Development";
				"CODE_SIGN_IDENTITY[sdk=iphoneos*]" = "iPhone Distribution";
				CODE_SIGN_STYLE = Manual;
				CURRENT_PROJECT_VERSION = 1;
				DEVELOPMENT_ASSET_PATHS = "\"fanv3/Preview Content\"";
				DEVELOPMENT_TEAM = "";
				"DEVELOPMENT_TEAM[sdk=iphoneos*]" = QJG5P3TA22;
				ENABLE_PREVIEWS = YES;
				GENERATE_INFOPLIST_FILE = YES;
				INFOPLIST_FILE = fanv3/Info.plist;
				INFOPLIST_KEY_CFBundleDisplayName = "France Anti Nuisibles ";
				INFOPLIST_KEY_LSApplicationCategoryType = "public.app-category.business";
				INFOPLIST_KEY_UIApplicationSceneManifest_Generation = YES;
				INFOPLIST_KEY_UIApplicationSupportsIndirectInputEvents = YES;
				INFOPLIST_KEY_UILaunchScreen_Generation = YES;
				INFOPLIST_KEY_UISupportedInterfaceOrientations_iPad = "UIInterfaceOrientationPortrait UIInterfaceOrientationPortraitUpsideDown UIInterfaceOrientationLandscapeLeft UIInterfaceOrientationLandscapeRight";
				INFOPLIST_KEY_UISupportedInterfaceOrientations_iPhone = "UIInterfaceOrientationPortrait UIInterfaceOrientationLandscapeLeft UIInterfaceOrientationLandscapeRight";
				LD_RUNPATH_SEARCH_PATHS = (
					"$(inherited)",
					"@executable_path/Frameworks",
				);
				MARKETING_VERSION = 1.0;
				PRODUCT_BUNDLE_IDENTIFIER = benjamin.truillet.fanv3;
				PRODUCT_NAME = "$(TARGET_NAME)";
				PROVISIONING_PROFILE_SPECIFIER = "";
				"PROVISIONING_PROFILE_SPECIFIER[sdk=iphoneos*]" = "FAN Release";
				SWIFT_EMIT_LOC_STRINGS = YES;
				SWIFT_VERSION = 5.0;
				TARGETED_DEVICE_FAMILY = "1,2";
			};
			name = Debug;
		};
		43BC31182B3B42E400A14E6F /* Release */ = {
			isa = XCBuildConfiguration;
			buildSettings = {
				ASSETCATALOG_COMPILER_APPICON_NAME = AppIcon;
				ASSETCATALOG_COMPILER_GLOBAL_ACCENT_COLOR_NAME = AccentColor;
				CODE_SIGN_IDENTITY = "Apple Development";
				"CODE_SIGN_IDENTITY[sdk=iphoneos*]" = "iPhone Distribution";
				CODE_SIGN_STYLE = Manual;
				CURRENT_PROJECT_VERSION = 1;
				DEVELOPMENT_ASSET_PATHS = "\"fanv3/Preview Content\"";
				DEVELOPMENT_TEAM = "";
				"DEVELOPMENT_TEAM[sdk=iphoneos*]" = QJG5P3TA22;
				ENABLE_PREVIEWS = YES;
				GENERATE_INFOPLIST_FILE = YES;
				INFOPLIST_FILE = fanv3/Info.plist;
				INFOPLIST_KEY_CFBundleDisplayName = "France Anti Nuisibles ";
				INFOPLIST_KEY_LSApplicationCategoryType = "public.app-category.business";
				INFOPLIST_KEY_UIApplicationSceneManifest_Generation = YES;
				INFOPLIST_KEY_UIApplicationSupportsIndirectInputEvents = YES;
				INFOPLIST_KEY_UILaunchScreen_Generation = YES;
				INFOPLIST_KEY_UISupportedInterfaceOrientations_iPad = "UIInterfaceOrientationPortrait UIInterfaceOrientationPortraitUpsideDown UIInterfaceOrientationLandscapeLeft UIInterfaceOrientationLandscapeRight";
				INFOPLIST_KEY_UISupportedInterfaceOrientations_iPhone = "UIInterfaceOrientationPortrait UIInterfaceOrientationLandscapeLeft UIInterfaceOrientationLandscapeRight";
				LD_RUNPATH_SEARCH_PATHS = (
					"$(inherited)",
					"@executable_path/Frameworks",
				);
				MARKETING_VERSION = 1.0;
				PRODUCT_BUNDLE_IDENTIFIER = benjamin.truillet.fanv3;
				PRODUCT_NAME = "$(TARGET_NAME)";
				PROVISIONING_PROFILE_SPECIFIER = "";
				"PROVISIONING_PROFILE_SPECIFIER[sdk=iphoneos*]" = "FAN Release";
				SWIFT_EMIT_LOC_STRINGS = YES;
				SWIFT_VERSION = 5.0;
				TARGETED_DEVICE_FAMILY = "1,2";
			};
			name = Release;
		};
/* End XCBuildConfiguration section */

/* Begin XCConfigurationList section */
		43BC31032B3B42E300A14E6F /* Build configuration list for PBXProject "fanv3" */ = {
			isa = XCConfigurationList;
			buildConfigurations = (
				43BC31142B3B42E400A14E6F /* Debug */,
				43BC31152B3B42E400A14E6F /* Release */,
			);
			defaultConfigurationIsVisible = 0;
			defaultConfigurationName = Release;
		};
		43BC31162B3B42E400A14E6F /* Build configuration list for PBXNativeTarget "fanv3" */ = {
			isa = XCConfigurationList;
			buildConfigurations = (
				43BC31172B3B42E400A14E6F /* Debug */,
				43BC31182B3B42E400A14E6F /* Release */,
			);
			defaultConfigurationIsVisible = 0;
			defaultConfigurationName = Release;
		};
/* End XCConfigurationList section */

/* Begin XCRemoteSwiftPackageReference section */
		43BC311B2B3B49C700A14E6F /* XCRemoteSwiftPackageReference "keychain-swift" */ = {
			isa = XCRemoteSwiftPackageReference;
			repositoryURL = "https://github.com/evgenyneu/keychain-swift.git";
			requirement = {
				kind = upToNextMajorVersion;
				minimumVersion = 20.0.0;
			};
		};
		43BC31372B3B4C3D00A14E6F /* XCRemoteSwiftPackageReference "JWTDecode" */ = {
			isa = XCRemoteSwiftPackageReference;
			repositoryURL = "https://github.com/auth0/JWTDecode.swift";
			requirement = {
				kind = upToNextMajorVersion;
				minimumVersion = 3.1.0;
			};
		};
/* End XCRemoteSwiftPackageReference section */

/* Begin XCSwiftPackageProductDependency section */
		43BC311C2B3B49C700A14E6F /* KeychainSwift */ = {
			isa = XCSwiftPackageProductDependency;
			package = 43BC311B2B3B49C700A14E6F /* XCRemoteSwiftPackageReference "keychain-swift" */;
			productName = KeychainSwift;
		};
		43BC31382B3B4C3D00A14E6F /* JWTDecode */ = {
			isa = XCSwiftPackageProductDependency;
			package = 43BC31372B3B4C3D00A14E6F /* XCRemoteSwiftPackageReference "JWTDecode" */;
			productName = JWTDecode;
		};
/* End XCSwiftPackageProductDependency section */
	};
	rootObject = 43BC31002B3B42E300A14E6F /* Project object */;
}
